// !$*UTF8*$!
{
	archiveVersion = 1;
	classes = {
	};
	objectVersion = 55;
	objects = {

/* Begin PBXBuildFile section */
		6747EB9D25228FD144C9DDFF /* Pods_TwitterClone_TwitterCloneUITests.framework in Frameworks */ = {isa = PBXBuildFile; fileRef = C325DCF0E67F0F76F26BEECE /* Pods_TwitterClone_TwitterCloneUITests.framework */; };
		9E2CCAF5288736A000AB6123 /* AppDelegate.swift in Sources */ = {isa = PBXBuildFile; fileRef = 9E2CCAF4288736A000AB6123 /* AppDelegate.swift */; };
		9E2CCAF7288736A000AB6123 /* SceneDelegate.swift in Sources */ = {isa = PBXBuildFile; fileRef = 9E2CCAF6288736A000AB6123 /* SceneDelegate.swift */; };
		9E2CCAFC288736A000AB6123 /* Main.storyboard in Resources */ = {isa = PBXBuildFile; fileRef = 9E2CCAFA288736A000AB6123 /* Main.storyboard */; };
		9E2CCAFE288736A000AB6123 /* Assets.xcassets in Resources */ = {isa = PBXBuildFile; fileRef = 9E2CCAFD288736A000AB6123 /* Assets.xcassets */; };
		9E2CCB01288736A000AB6123 /* LaunchScreen.storyboard in Resources */ = {isa = PBXBuildFile; fileRef = 9E2CCAFF288736A000AB6123 /* LaunchScreen.storyboard */; };
		9E2CCB0C288736A000AB6123 /* TwitterCloneTests.swift in Sources */ = {isa = PBXBuildFile; fileRef = 9E2CCB0B288736A000AB6123 /* TwitterCloneTests.swift */; };
		9E2CCB16288736A000AB6123 /* TwitterCloneUITests.swift in Sources */ = {isa = PBXBuildFile; fileRef = 9E2CCB15288736A000AB6123 /* TwitterCloneUITests.swift */; };
		9E2CCB18288736A000AB6123 /* TwitterCloneUITestsLaunchTests.swift in Sources */ = {isa = PBXBuildFile; fileRef = 9E2CCB17288736A000AB6123 /* TwitterCloneUITestsLaunchTests.swift */; };
		9E2CCB2B288739C500AB6123 /* MainTabController.swift in Sources */ = {isa = PBXBuildFile; fileRef = 9E2CCB2A288739C500AB6123 /* MainTabController.swift */; };
		9E83893C289AF08500A05504 /* UserService.swift in Sources */ = {isa = PBXBuildFile; fileRef = 9E83893B289AF08500A05504 /* UserService.swift */; };
		9E83893E289AF7AB00A05504 /* User.swift in Sources */ = {isa = PBXBuildFile; fileRef = 9E83893D289AF7AB00A05504 /* User.swift */; };
		9E9C34D2288C54870005DDD8 /* LoginController.swift in Sources */ = {isa = PBXBuildFile; fileRef = 9E9C34D1288C54870005DDD8 /* LoginController.swift */; };
		9E9C34D4288C55770005DDD8 /* RegistrationController.swift in Sources */ = {isa = PBXBuildFile; fileRef = 9E9C34D3288C55770005DDD8 /* RegistrationController.swift */; };
		9E9C34D6288D22890005DDD8 /* Utilities.swift in Sources */ = {isa = PBXBuildFile; fileRef = 9E9C34D5288D22890005DDD8 /* Utilities.swift */; };
		9EB43D95288886CC006C63D5 /* FeedController.swift in Sources */ = {isa = PBXBuildFile; fileRef = 9EB43D94288886CC006C63D5 /* FeedController.swift */; };
		9EB43D9728888778006C63D5 /* NotificationsController.swift in Sources */ = {isa = PBXBuildFile; fileRef = 9EB43D9628888778006C63D5 /* NotificationsController.swift */; };
		9EB43D99288887B9006C63D5 /* ExploreController.swift in Sources */ = {isa = PBXBuildFile; fileRef = 9EB43D98288887B9006C63D5 /* ExploreController.swift */; };
		9EB43D9B28888804006C63D5 /* ConversationsController.swift in Sources */ = {isa = PBXBuildFile; fileRef = 9EB43D9A28888804006C63D5 /* ConversationsController.swift */; };
		9EB43D9F2889D8A8006C63D5 /* Extensions.swift in Sources */ = {isa = PBXBuildFile; fileRef = 9EB43D9E2889D8A8006C63D5 /* Extensions.swift */; };
		9EFFD84B28990ADD00DE8386 /* GoogleService-Info.plist in Resources */ = {isa = PBXBuildFile; fileRef = 9EFFD84A28990ADD00DE8386 /* GoogleService-Info.plist */; };
		9EFFD84D289A919A00DE8386 /* Constants.swift in Sources */ = {isa = PBXBuildFile; fileRef = 9EFFD84C289A919A00DE8386 /* Constants.swift */; };
		9EFFD84F289AC02A00DE8386 /* AuthService.swift in Sources */ = {isa = PBXBuildFile; fileRef = 9EFFD84E289AC02A00DE8386 /* AuthService.swift */; };
		CB6FCB70EE4CF1F5E7EFB401 /* Pods_TwitterCloneTests.framework in Frameworks */ = {isa = PBXBuildFile; fileRef = 1C864C5784BFA25B2EAFE14C /* Pods_TwitterCloneTests.framework */; };
		DC635FB512BD423FF36F2586 /* Pods_TwitterClone.framework in Frameworks */ = {isa = PBXBuildFile; fileRef = E6229EA577661B829CB881E3 /* Pods_TwitterClone.framework */; };
/* End PBXBuildFile section */

/* Begin PBXContainerItemProxy section */
		9E2CCB08288736A000AB6123 /* PBXContainerItemProxy */ = {
			isa = PBXContainerItemProxy;
			containerPortal = 9E2CCAE9288736A000AB6123 /* Project object */;
			proxyType = 1;
			remoteGlobalIDString = 9E2CCAF0288736A000AB6123;
			remoteInfo = TwitterClone;
		};
		9E2CCB12288736A000AB6123 /* PBXContainerItemProxy */ = {
			isa = PBXContainerItemProxy;
			containerPortal = 9E2CCAE9288736A000AB6123 /* Project object */;
			proxyType = 1;
			remoteGlobalIDString = 9E2CCAF0288736A000AB6123;
			remoteInfo = TwitterClone;
		};
/* End PBXContainerItemProxy section */

/* Begin PBXFileReference section */
		1C864C5784BFA25B2EAFE14C /* Pods_TwitterCloneTests.framework */ = {isa = PBXFileReference; explicitFileType = wrapper.framework; includeInIndex = 0; path = Pods_TwitterCloneTests.framework; sourceTree = BUILT_PRODUCTS_DIR; };
		29972BFBD00D22D8D81D17D5 /* Pods-TwitterCloneTests.debug.xcconfig */ = {isa = PBXFileReference; includeInIndex = 1; lastKnownFileType = text.xcconfig; name = "Pods-TwitterCloneTests.debug.xcconfig"; path = "Target Support Files/Pods-TwitterCloneTests/Pods-TwitterCloneTests.debug.xcconfig"; sourceTree = "<group>"; };
		7D1433B378D0324AF69AB8F8 /* Pods-TwitterClone.release.xcconfig */ = {isa = PBXFileReference; includeInIndex = 1; lastKnownFileType = text.xcconfig; name = "Pods-TwitterClone.release.xcconfig"; path = "Target Support Files/Pods-TwitterClone/Pods-TwitterClone.release.xcconfig"; sourceTree = "<group>"; };
		8A0400036A0DD2CFFA5AADC4 /* Pods-TwitterClone-TwitterCloneUITests.debug.xcconfig */ = {isa = PBXFileReference; includeInIndex = 1; lastKnownFileType = text.xcconfig; name = "Pods-TwitterClone-TwitterCloneUITests.debug.xcconfig"; path = "Target Support Files/Pods-TwitterClone-TwitterCloneUITests/Pods-TwitterClone-TwitterCloneUITests.debug.xcconfig"; sourceTree = "<group>"; };
		9E2CCAF1288736A000AB6123 /* TwitterClone.app */ = {isa = PBXFileReference; explicitFileType = wrapper.application; includeInIndex = 0; path = TwitterClone.app; sourceTree = BUILT_PRODUCTS_DIR; };
		9E2CCAF4288736A000AB6123 /* AppDelegate.swift */ = {isa = PBXFileReference; lastKnownFileType = sourcecode.swift; path = AppDelegate.swift; sourceTree = "<group>"; };
		9E2CCAF6288736A000AB6123 /* SceneDelegate.swift */ = {isa = PBXFileReference; lastKnownFileType = sourcecode.swift; path = SceneDelegate.swift; sourceTree = "<group>"; };
		9E2CCAFB288736A000AB6123 /* Base */ = {isa = PBXFileReference; lastKnownFileType = file.storyboard; name = Base; path = Base.lproj/Main.storyboard; sourceTree = "<group>"; };
		9E2CCAFD288736A000AB6123 /* Assets.xcassets */ = {isa = PBXFileReference; lastKnownFileType = folder.assetcatalog; path = Assets.xcassets; sourceTree = "<group>"; };
		9E2CCB00288736A000AB6123 /* Base */ = {isa = PBXFileReference; lastKnownFileType = file.storyboard; name = Base; path = Base.lproj/LaunchScreen.storyboard; sourceTree = "<group>"; };
		9E2CCB02288736A000AB6123 /* Info.plist */ = {isa = PBXFileReference; lastKnownFileType = text.plist.xml; path = Info.plist; sourceTree = "<group>"; };
		9E2CCB07288736A000AB6123 /* TwitterCloneTests.xctest */ = {isa = PBXFileReference; explicitFileType = wrapper.cfbundle; includeInIndex = 0; path = TwitterCloneTests.xctest; sourceTree = BUILT_PRODUCTS_DIR; };
		9E2CCB0B288736A000AB6123 /* TwitterCloneTests.swift */ = {isa = PBXFileReference; lastKnownFileType = sourcecode.swift; path = TwitterCloneTests.swift; sourceTree = "<group>"; };
		9E2CCB11288736A000AB6123 /* TwitterCloneUITests.xctest */ = {isa = PBXFileReference; explicitFileType = wrapper.cfbundle; includeInIndex = 0; path = TwitterCloneUITests.xctest; sourceTree = BUILT_PRODUCTS_DIR; };
		9E2CCB15288736A000AB6123 /* TwitterCloneUITests.swift */ = {isa = PBXFileReference; lastKnownFileType = sourcecode.swift; path = TwitterCloneUITests.swift; sourceTree = "<group>"; };
		9E2CCB17288736A000AB6123 /* TwitterCloneUITestsLaunchTests.swift */ = {isa = PBXFileReference; lastKnownFileType = sourcecode.swift; path = TwitterCloneUITestsLaunchTests.swift; sourceTree = "<group>"; };
		9E2CCB2A288739C500AB6123 /* MainTabController.swift */ = {isa = PBXFileReference; lastKnownFileType = sourcecode.swift; path = MainTabController.swift; sourceTree = "<group>"; };
		9E83893B289AF08500A05504 /* UserService.swift */ = {isa = PBXFileReference; lastKnownFileType = sourcecode.swift; name = UserService.swift; path = TwitterClone/Utils/UserService.swift; sourceTree = SOURCE_ROOT; };
		9E83893D289AF7AB00A05504 /* User.swift */ = {isa = PBXFileReference; lastKnownFileType = sourcecode.swift; name = User.swift; path = TwitterClone/Utils/User.swift; sourceTree = SOURCE_ROOT; };
		9E9C34D1288C54870005DDD8 /* LoginController.swift */ = {isa = PBXFileReference; lastKnownFileType = sourcecode.swift; path = LoginController.swift; sourceTree = "<group>"; };
		9E9C34D3288C55770005DDD8 /* RegistrationController.swift */ = {isa = PBXFileReference; lastKnownFileType = sourcecode.swift; path = RegistrationController.swift; sourceTree = "<group>"; };
		9E9C34D5288D22890005DDD8 /* Utilities.swift */ = {isa = PBXFileReference; lastKnownFileType = sourcecode.swift; path = Utilities.swift; sourceTree = "<group>"; };
		9EB43D94288886CC006C63D5 /* FeedController.swift */ = {isa = PBXFileReference; lastKnownFileType = sourcecode.swift; path = FeedController.swift; sourceTree = "<group>"; };
		9EB43D9628888778006C63D5 /* NotificationsController.swift */ = {isa = PBXFileReference; lastKnownFileType = sourcecode.swift; path = NotificationsController.swift; sourceTree = "<group>"; };
		9EB43D98288887B9006C63D5 /* ExploreController.swift */ = {isa = PBXFileReference; lastKnownFileType = sourcecode.swift; path = ExploreController.swift; sourceTree = "<group>"; };
		9EB43D9A28888804006C63D5 /* ConversationsController.swift */ = {isa = PBXFileReference; lastKnownFileType = sourcecode.swift; path = ConversationsController.swift; sourceTree = "<group>"; };
		9EB43D9E2889D8A8006C63D5 /* Extensions.swift */ = {isa = PBXFileReference; lastKnownFileType = sourcecode.swift; path = Extensions.swift; sourceTree = "<group>"; };
		9EFFD84A28990ADD00DE8386 /* GoogleService-Info.plist */ = {isa = PBXFileReference; lastKnownFileType = text.plist; path = "GoogleService-Info.plist"; sourceTree = SOURCE_ROOT; };
		9EFFD84C289A919A00DE8386 /* Constants.swift */ = {isa = PBXFileReference; lastKnownFileType = sourcecode.swift; path = Constants.swift; sourceTree = "<group>"; };
		9EFFD84E289AC02A00DE8386 /* AuthService.swift */ = {isa = PBXFileReference; lastKnownFileType = sourcecode.swift; name = AuthService.swift; path = TwitterClone/Utils/AuthService.swift; sourceTree = SOURCE_ROOT; };
		C325DCF0E67F0F76F26BEECE /* Pods_TwitterClone_TwitterCloneUITests.framework */ = {isa = PBXFileReference; explicitFileType = wrapper.framework; includeInIndex = 0; path = Pods_TwitterClone_TwitterCloneUITests.framework; sourceTree = BUILT_PRODUCTS_DIR; };
		D112F644E1A7EA053F40E9BB /* Pods-TwitterClone-TwitterCloneUITests.release.xcconfig */ = {isa = PBXFileReference; includeInIndex = 1; lastKnownFileType = text.xcconfig; name = "Pods-TwitterClone-TwitterCloneUITests.release.xcconfig"; path = "Target Support Files/Pods-TwitterClone-TwitterCloneUITests/Pods-TwitterClone-TwitterCloneUITests.release.xcconfig"; sourceTree = "<group>"; };
		E5EE52E58938FB471844C2CC /* Pods-TwitterCloneTests.release.xcconfig */ = {isa = PBXFileReference; includeInIndex = 1; lastKnownFileType = text.xcconfig; name = "Pods-TwitterCloneTests.release.xcconfig"; path = "Target Support Files/Pods-TwitterCloneTests/Pods-TwitterCloneTests.release.xcconfig"; sourceTree = "<group>"; };
		E6229EA577661B829CB881E3 /* Pods_TwitterClone.framework */ = {isa = PBXFileReference; explicitFileType = wrapper.framework; includeInIndex = 0; path = Pods_TwitterClone.framework; sourceTree = BUILT_PRODUCTS_DIR; };
		E9F0C1D9FBF23FC2B3F65271 /* Pods-TwitterClone.debug.xcconfig */ = {isa = PBXFileReference; includeInIndex = 1; lastKnownFileType = text.xcconfig; name = "Pods-TwitterClone.debug.xcconfig"; path = "Target Support Files/Pods-TwitterClone/Pods-TwitterClone.debug.xcconfig"; sourceTree = "<group>"; };
/* End PBXFileReference section */

/* Begin PBXFrameworksBuildPhase section */
		9E2CCAEE288736A000AB6123 /* Frameworks */ = {
			isa = PBXFrameworksBuildPhase;
			buildActionMask = 2147483647;
			files = (
				DC635FB512BD423FF36F2586 /* Pods_TwitterClone.framework in Frameworks */,
			);
			runOnlyForDeploymentPostprocessing = 0;
		};
		9E2CCB04288736A000AB6123 /* Frameworks */ = {
			isa = PBXFrameworksBuildPhase;
			buildActionMask = 2147483647;
			files = (
				CB6FCB70EE4CF1F5E7EFB401 /* Pods_TwitterCloneTests.framework in Frameworks */,
			);
			runOnlyForDeploymentPostprocessing = 0;
		};
		9E2CCB0E288736A000AB6123 /* Frameworks */ = {
			isa = PBXFrameworksBuildPhase;
			buildActionMask = 2147483647;
			files = (
				6747EB9D25228FD144C9DDFF /* Pods_TwitterClone_TwitterCloneUITests.framework in Frameworks */,
			);
			runOnlyForDeploymentPostprocessing = 0;
		};
/* End PBXFrameworksBuildPhase section */

/* Begin PBXGroup section */
		9E2CCAE8288736A000AB6123 = {
			isa = PBXGroup;
			children = (
				9E2CCAF3288736A000AB6123 /* TwitterClone */,
				9E2CCB0A288736A000AB6123 /* TwitterCloneTests */,
				9E2CCB14288736A000AB6123 /* TwitterCloneUITests */,
				9E2CCAF2288736A000AB6123 /* Products */,
				DD2BB30C2462B13D5C70B4B5 /* Pods */,
				D322CB217AE9771E6375AD6B /* Frameworks */,
			);
			sourceTree = "<group>";
		};
		9E2CCAF2288736A000AB6123 /* Products */ = {
			isa = PBXGroup;
			children = (
				9E2CCAF1288736A000AB6123 /* TwitterClone.app */,
				9E2CCB07288736A000AB6123 /* TwitterCloneTests.xctest */,
				9E2CCB11288736A000AB6123 /* TwitterCloneUITests.xctest */,
			);
			name = Products;
			sourceTree = "<group>";
		};
		9E2CCAF3288736A000AB6123 /* TwitterClone */ = {
			isa = PBXGroup;
			children = (
				9E2CCB28288736E000AB6123 /* Models */,
				9E2CCB27288736D300AB6123 /* ViewModels */,
				9E2CCB26288736C100AB6123 /* Views */,
				9E2CCB25288736BA00AB6123 /* Controllers */,
				9E2CCB24288736AA00AB6123 /* API */,
				9E2CCB29288736EA00AB6123 /* Utils */,
				9E2CCAF6288736A000AB6123 /* SceneDelegate.swift */,
				9E2CCAF4288736A000AB6123 /* AppDelegate.swift */,
				9E2CCAFA288736A000AB6123 /* Main.storyboard */,
				9E2CCAFD288736A000AB6123 /* Assets.xcassets */,
				9E2CCAFF288736A000AB6123 /* LaunchScreen.storyboard */,
				9EFFD84A28990ADD00DE8386 /* GoogleService-Info.plist */,
				9E2CCB02288736A000AB6123 /* Info.plist */,
			);
			path = TwitterClone;
			sourceTree = "<group>";
		};
		9E2CCB0A288736A000AB6123 /* TwitterCloneTests */ = {
			isa = PBXGroup;
			children = (
				9E2CCB0B288736A000AB6123 /* TwitterCloneTests.swift */,
			);
			path = TwitterCloneTests;
			sourceTree = "<group>";
		};
		9E2CCB14288736A000AB6123 /* TwitterCloneUITests */ = {
			isa = PBXGroup;
			children = (
				9E2CCB15288736A000AB6123 /* TwitterCloneUITests.swift */,
				9E2CCB17288736A000AB6123 /* TwitterCloneUITestsLaunchTests.swift */,
			);
			path = TwitterCloneUITests;
			sourceTree = "<group>";
		};
		9E2CCB24288736AA00AB6123 /* API */ = {
			isa = PBXGroup;
			children = (
				9EFFD84E289AC02A00DE8386 /* AuthService.swift */,
				9E83893B289AF08500A05504 /* UserService.swift */,
			);
			path = API;
			sourceTree = "<group>";
		};
		9E2CCB25288736BA00AB6123 /* Controllers */ = {
			isa = PBXGroup;
			children = (
				9E9C34D0288C54570005DDD8 /* Authentication */,
				9E2CCB2A288739C500AB6123 /* MainTabController.swift */,
				9EB43D94288886CC006C63D5 /* FeedController.swift */,
				9EB43D98288887B9006C63D5 /* ExploreController.swift */,
				9EB43D9628888778006C63D5 /* NotificationsController.swift */,
				9EB43D9A28888804006C63D5 /* ConversationsController.swift */,
			);
			path = Controllers;
			sourceTree = "<group>";
		};
		9E2CCB26288736C100AB6123 /* Views */ = {
			isa = PBXGroup;
			children = (
			);
			path = Views;
			sourceTree = "<group>";
		};
		9E2CCB27288736D300AB6123 /* ViewModels */ = {
			isa = PBXGroup;
			children = (
			);
			path = ViewModels;
			sourceTree = "<group>";
		};
		9E2CCB28288736E000AB6123 /* Models */ = {
			isa = PBXGroup;
			children = (
				9E83893D289AF7AB00A05504 /* User.swift */,
			);
			path = Models;
			sourceTree = "<group>";
		};
		9E2CCB29288736EA00AB6123 /* Utils */ = {
			isa = PBXGroup;
			children = (
				9EB43D9E2889D8A8006C63D5 /* Extensions.swift */,
				9E9C34D5288D22890005DDD8 /* Utilities.swift */,
				9EFFD84C289A919A00DE8386 /* Constants.swift */,
			);
			path = Utils;
			sourceTree = "<group>";
		};
		9E9C34D0288C54570005DDD8 /* Authentication */ = {
			isa = PBXGroup;
			children = (
				9E9C34D1288C54870005DDD8 /* LoginController.swift */,
				9E9C34D3288C55770005DDD8 /* RegistrationController.swift */,
			);
			path = Authentication;
			sourceTree = "<group>";
		};
		D322CB217AE9771E6375AD6B /* Frameworks */ = {
			isa = PBXGroup;
			children = (
				E6229EA577661B829CB881E3 /* Pods_TwitterClone.framework */,
				C325DCF0E67F0F76F26BEECE /* Pods_TwitterClone_TwitterCloneUITests.framework */,
				1C864C5784BFA25B2EAFE14C /* Pods_TwitterCloneTests.framework */,
			);
			name = Frameworks;
			sourceTree = "<group>";
		};
		DD2BB30C2462B13D5C70B4B5 /* Pods */ = {
			isa = PBXGroup;
			children = (
				E9F0C1D9FBF23FC2B3F65271 /* Pods-TwitterClone.debug.xcconfig */,
				7D1433B378D0324AF69AB8F8 /* Pods-TwitterClone.release.xcconfig */,
				8A0400036A0DD2CFFA5AADC4 /* Pods-TwitterClone-TwitterCloneUITests.debug.xcconfig */,
				D112F644E1A7EA053F40E9BB /* Pods-TwitterClone-TwitterCloneUITests.release.xcconfig */,
				29972BFBD00D22D8D81D17D5 /* Pods-TwitterCloneTests.debug.xcconfig */,
				E5EE52E58938FB471844C2CC /* Pods-TwitterCloneTests.release.xcconfig */,
			);
			path = Pods;
			sourceTree = "<group>";
		};
/* End PBXGroup section */

/* Begin PBXNativeTarget section */
		9E2CCAF0288736A000AB6123 /* TwitterClone */ = {
			isa = PBXNativeTarget;
			buildConfigurationList = 9E2CCB1B288736A000AB6123 /* Build configuration list for PBXNativeTarget "TwitterClone" */;
			buildPhases = (
				D8D129A8029AE719A007FE37 /* [CP] Check Pods Manifest.lock */,
				9E2CCAED288736A000AB6123 /* Sources */,
				9E2CCAEE288736A000AB6123 /* Frameworks */,
				9E2CCAEF288736A000AB6123 /* Resources */,
				FCAE1060A2D62759B5B7BB99 /* [CP] Embed Pods Frameworks */,
			);
			buildRules = (
			);
			dependencies = (
			);
			name = TwitterClone;
			productName = TwitterClone;
			productReference = 9E2CCAF1288736A000AB6123 /* TwitterClone.app */;
			productType = "com.apple.product-type.application";
		};
		9E2CCB06288736A000AB6123 /* TwitterCloneTests */ = {
			isa = PBXNativeTarget;
			buildConfigurationList = 9E2CCB1E288736A000AB6123 /* Build configuration list for PBXNativeTarget "TwitterCloneTests" */;
			buildPhases = (
				55DE2D5B82474CEC4ED29A31 /* [CP] Check Pods Manifest.lock */,
				9E2CCB03288736A000AB6123 /* Sources */,
				9E2CCB04288736A000AB6123 /* Frameworks */,
				9E2CCB05288736A000AB6123 /* Resources */,
			);
			buildRules = (
			);
			dependencies = (
				9E2CCB09288736A000AB6123 /* PBXTargetDependency */,
			);
			name = TwitterCloneTests;
			productName = TwitterCloneTests;
			productReference = 9E2CCB07288736A000AB6123 /* TwitterCloneTests.xctest */;
			productType = "com.apple.product-type.bundle.unit-test";
		};
		9E2CCB10288736A000AB6123 /* TwitterCloneUITests */ = {
			isa = PBXNativeTarget;
			buildConfigurationList = 9E2CCB21288736A000AB6123 /* Build configuration list for PBXNativeTarget "TwitterCloneUITests" */;
			buildPhases = (
				FDE24BFF2B3F5C26278B99B9 /* [CP] Check Pods Manifest.lock */,
				9E2CCB0D288736A000AB6123 /* Sources */,
				9E2CCB0E288736A000AB6123 /* Frameworks */,
				9E2CCB0F288736A000AB6123 /* Resources */,
				D2071A253DD4A76FD6B649F3 /* [CP] Embed Pods Frameworks */,
			);
			buildRules = (
			);
			dependencies = (
				9E2CCB13288736A000AB6123 /* PBXTargetDependency */,
			);
			name = TwitterCloneUITests;
			productName = TwitterCloneUITests;
			productReference = 9E2CCB11288736A000AB6123 /* TwitterCloneUITests.xctest */;
			productType = "com.apple.product-type.bundle.ui-testing";
		};
/* End PBXNativeTarget section */

/* Begin PBXProject section */
		9E2CCAE9288736A000AB6123 /* Project object */ = {
			isa = PBXProject;
			attributes = {
				BuildIndependentTargetsInParallel = 1;
				LastSwiftUpdateCheck = 1340;
				LastUpgradeCheck = 1340;
				TargetAttributes = {
					9E2CCAF0288736A000AB6123 = {
						CreatedOnToolsVersion = 13.4;
					};
					9E2CCB06288736A000AB6123 = {
						CreatedOnToolsVersion = 13.4;
						TestTargetID = 9E2CCAF0288736A000AB6123;
					};
					9E2CCB10288736A000AB6123 = {
						CreatedOnToolsVersion = 13.4;
						TestTargetID = 9E2CCAF0288736A000AB6123;
					};
				};
			};
			buildConfigurationList = 9E2CCAEC288736A000AB6123 /* Build configuration list for PBXProject "TwitterClone" */;
			compatibilityVersion = "Xcode 13.0";
			developmentRegion = en;
			hasScannedForEncodings = 0;
			knownRegions = (
				en,
				Base,
			);
			mainGroup = 9E2CCAE8288736A000AB6123;
			productRefGroup = 9E2CCAF2288736A000AB6123 /* Products */;
			projectDirPath = "";
			projectRoot = "";
			targets = (
				9E2CCAF0288736A000AB6123 /* TwitterClone */,
				9E2CCB06288736A000AB6123 /* TwitterCloneTests */,
				9E2CCB10288736A000AB6123 /* TwitterCloneUITests */,
			);
		};
/* End PBXProject section */

/* Begin PBXResourcesBuildPhase section */
		9E2CCAEF288736A000AB6123 /* Resources */ = {
			isa = PBXResourcesBuildPhase;
			buildActionMask = 2147483647;
			files = (
				9E2CCB01288736A000AB6123 /* LaunchScreen.storyboard in Resources */,
				9EFFD84B28990ADD00DE8386 /* GoogleService-Info.plist in Resources */,
				9E2CCAFE288736A000AB6123 /* Assets.xcassets in Resources */,
				9E2CCAFC288736A000AB6123 /* Main.storyboard in Resources */,
			);
			runOnlyForDeploymentPostprocessing = 0;
		};
		9E2CCB05288736A000AB6123 /* Resources */ = {
			isa = PBXResourcesBuildPhase;
			buildActionMask = 2147483647;
			files = (
			);
			runOnlyForDeploymentPostprocessing = 0;
		};
		9E2CCB0F288736A000AB6123 /* Resources */ = {
			isa = PBXResourcesBuildPhase;
			buildActionMask = 2147483647;
			files = (
			);
			runOnlyForDeploymentPostprocessing = 0;
		};
/* End PBXResourcesBuildPhase section */

/* Begin PBXShellScriptBuildPhase section */
		55DE2D5B82474CEC4ED29A31 /* [CP] Check Pods Manifest.lock */ = {
			isa = PBXShellScriptBuildPhase;
			buildActionMask = 2147483647;
			files = (
			);
			inputFileListPaths = (
			);
			inputPaths = (
				"${PODS_PODFILE_DIR_PATH}/Podfile.lock",
				"${PODS_ROOT}/Manifest.lock",
			);
			name = "[CP] Check Pods Manifest.lock";
			outputFileListPaths = (
			);
			outputPaths = (
				"$(DERIVED_FILE_DIR)/Pods-TwitterCloneTests-checkManifestLockResult.txt",
			);
			runOnlyForDeploymentPostprocessing = 0;
			shellPath = /bin/sh;
			shellScript = "diff \"${PODS_PODFILE_DIR_PATH}/Podfile.lock\" \"${PODS_ROOT}/Manifest.lock\" > /dev/null\nif [ $? != 0 ] ; then\n    # print error to STDERR\n    echo \"error: The sandbox is not in sync with the Podfile.lock. Run 'pod install' or update your CocoaPods installation.\" >&2\n    exit 1\nfi\n# This output is used by Xcode 'outputs' to avoid re-running this script phase.\necho \"SUCCESS\" > \"${SCRIPT_OUTPUT_FILE_0}\"\n";
			showEnvVarsInLog = 0;
		};
		D2071A253DD4A76FD6B649F3 /* [CP] Embed Pods Frameworks */ = {
			isa = PBXShellScriptBuildPhase;
			buildActionMask = 2147483647;
			files = (
			);
			inputFileListPaths = (
				"${PODS_ROOT}/Target Support Files/Pods-TwitterClone-TwitterCloneUITests/Pods-TwitterClone-TwitterCloneUITests-frameworks-${CONFIGURATION}-input-files.xcfilelist",
			);
			name = "[CP] Embed Pods Frameworks";
			outputFileListPaths = (
				"${PODS_ROOT}/Target Support Files/Pods-TwitterClone-TwitterCloneUITests/Pods-TwitterClone-TwitterCloneUITests-frameworks-${CONFIGURATION}-output-files.xcfilelist",
			);
			runOnlyForDeploymentPostprocessing = 0;
			shellPath = /bin/sh;
			shellScript = "\"${PODS_ROOT}/Target Support Files/Pods-TwitterClone-TwitterCloneUITests/Pods-TwitterClone-TwitterCloneUITests-frameworks.sh\"\n";
			showEnvVarsInLog = 0;
		};
		D8D129A8029AE719A007FE37 /* [CP] Check Pods Manifest.lock */ = {
			isa = PBXShellScriptBuildPhase;
			buildActionMask = 2147483647;
			files = (
			);
			inputFileListPaths = (
			);
			inputPaths = (
				"${PODS_PODFILE_DIR_PATH}/Podfile.lock",
				"${PODS_ROOT}/Manifest.lock",
			);
			name = "[CP] Check Pods Manifest.lock";
			outputFileListPaths = (
			);
			outputPaths = (
				"$(DERIVED_FILE_DIR)/Pods-TwitterClone-checkManifestLockResult.txt",
			);
			runOnlyForDeploymentPostprocessing = 0;
			shellPath = /bin/sh;
			shellScript = "diff \"${PODS_PODFILE_DIR_PATH}/Podfile.lock\" \"${PODS_ROOT}/Manifest.lock\" > /dev/null\nif [ $? != 0 ] ; then\n    # print error to STDERR\n    echo \"error: The sandbox is not in sync with the Podfile.lock. Run 'pod install' or update your CocoaPods installation.\" >&2\n    exit 1\nfi\n# This output is used by Xcode 'outputs' to avoid re-running this script phase.\necho \"SUCCESS\" > \"${SCRIPT_OUTPUT_FILE_0}\"\n";
			showEnvVarsInLog = 0;
		};
		FCAE1060A2D62759B5B7BB99 /* [CP] Embed Pods Frameworks */ = {
			isa = PBXShellScriptBuildPhase;
			buildActionMask = 2147483647;
			files = (
			);
			inputFileListPaths = (
				"${PODS_ROOT}/Target Support Files/Pods-TwitterClone/Pods-TwitterClone-frameworks-${CONFIGURATION}-input-files.xcfilelist",
			);
			name = "[CP] Embed Pods Frameworks";
			outputFileListPaths = (
				"${PODS_ROOT}/Target Support Files/Pods-TwitterClone/Pods-TwitterClone-frameworks-${CONFIGURATION}-output-files.xcfilelist",
			);
			runOnlyForDeploymentPostprocessing = 0;
			shellPath = /bin/sh;
			shellScript = "\"${PODS_ROOT}/Target Support Files/Pods-TwitterClone/Pods-TwitterClone-frameworks.sh\"\n";
			showEnvVarsInLog = 0;
		};
		FDE24BFF2B3F5C26278B99B9 /* [CP] Check Pods Manifest.lock */ = {
			isa = PBXShellScriptBuildPhase;
			buildActionMask = 2147483647;
			files = (
			);
			inputFileListPaths = (
			);
			inputPaths = (
				"${PODS_PODFILE_DIR_PATH}/Podfile.lock",
				"${PODS_ROOT}/Manifest.lock",
			);
			name = "[CP] Check Pods Manifest.lock";
			outputFileListPaths = (
			);
			outputPaths = (
				"$(DERIVED_FILE_DIR)/Pods-TwitterClone-TwitterCloneUITests-checkManifestLockResult.txt",
			);
			runOnlyForDeploymentPostprocessing = 0;
			shellPath = /bin/sh;
			shellScript = "diff \"${PODS_PODFILE_DIR_PATH}/Podfile.lock\" \"${PODS_ROOT}/Manifest.lock\" > /dev/null\nif [ $? != 0 ] ; then\n    # print error to STDERR\n    echo \"error: The sandbox is not in sync with the Podfile.lock. Run 'pod install' or update your CocoaPods installation.\" >&2\n    exit 1\nfi\n# This output is used by Xcode 'outputs' to avoid re-running this script phase.\necho \"SUCCESS\" > \"${SCRIPT_OUTPUT_FILE_0}\"\n";
			showEnvVarsInLog = 0;
		};
/* End PBXShellScriptBuildPhase section */

/* Begin PBXSourcesBuildPhase section */
		9E2CCAED288736A000AB6123 /* Sources */ = {
			isa = PBXSourcesBuildPhase;
			buildActionMask = 2147483647;
			files = (
				9E83893C289AF08500A05504 /* UserService.swift in Sources */,
				9EB43D9728888778006C63D5 /* NotificationsController.swift in Sources */,
				9EB43D9B28888804006C63D5 /* ConversationsController.swift in Sources */,
				9E9C34D6288D22890005DDD8 /* Utilities.swift in Sources */,
				9E2CCAF5288736A000AB6123 /* AppDelegate.swift in Sources */,
				9EB43D9F2889D8A8006C63D5 /* Extensions.swift in Sources */,
				9E9C34D2288C54870005DDD8 /* LoginController.swift in Sources */,
				9EFFD84F289AC02A00DE8386 /* AuthService.swift in Sources */,
				9E83893E289AF7AB00A05504 /* User.swift in Sources */,
				9EB43D99288887B9006C63D5 /* ExploreController.swift in Sources */,
				9EB43D95288886CC006C63D5 /* FeedController.swift in Sources */,
				9E2CCAF7288736A000AB6123 /* SceneDelegate.swift in Sources */,
				9E9C34D4288C55770005DDD8 /* RegistrationController.swift in Sources */,
				9E2CCB2B288739C500AB6123 /* MainTabController.swift in Sources */,
				9EFFD84D289A919A00DE8386 /* Constants.swift in Sources */,
			);
			runOnlyForDeploymentPostprocessing = 0;
		};
		9E2CCB03288736A000AB6123 /* Sources */ = {
			isa = PBXSourcesBuildPhase;
			buildActionMask = 2147483647;
			files = (
				9E2CCB0C288736A000AB6123 /* TwitterCloneTests.swift in Sources */,
			);
			runOnlyForDeploymentPostprocessing = 0;
		};
		9E2CCB0D288736A000AB6123 /* Sources */ = {
			isa = PBXSourcesBuildPhase;
			buildActionMask = 2147483647;
			files = (
				9E2CCB18288736A000AB6123 /* TwitterCloneUITestsLaunchTests.swift in Sources */,
				9E2CCB16288736A000AB6123 /* TwitterCloneUITests.swift in Sources */,
			);
			runOnlyForDeploymentPostprocessing = 0;
		};
/* End PBXSourcesBuildPhase section */

/* Begin PBXTargetDependency section */
		9E2CCB09288736A000AB6123 /* PBXTargetDependency */ = {
			isa = PBXTargetDependency;
			target = 9E2CCAF0288736A000AB6123 /* TwitterClone */;
			targetProxy = 9E2CCB08288736A000AB6123 /* PBXContainerItemProxy */;
		};
		9E2CCB13288736A000AB6123 /* PBXTargetDependency */ = {
			isa = PBXTargetDependency;
			target = 9E2CCAF0288736A000AB6123 /* TwitterClone */;
			targetProxy = 9E2CCB12288736A000AB6123 /* PBXContainerItemProxy */;
		};
/* End PBXTargetDependency section */

/* Begin PBXVariantGroup section */
		9E2CCAFA288736A000AB6123 /* Main.storyboard */ = {
			isa = PBXVariantGroup;
			children = (
				9E2CCAFB288736A000AB6123 /* Base */,
			);
			name = Main.storyboard;
			sourceTree = "<group>";
		};
		9E2CCAFF288736A000AB6123 /* LaunchScreen.storyboard */ = {
			isa = PBXVariantGroup;
			children = (
				9E2CCB00288736A000AB6123 /* Base */,
			);
			name = LaunchScreen.storyboard;
			sourceTree = "<group>";
		};
/* End PBXVariantGroup section */

/* Begin XCBuildConfiguration section */
		9E2CCB19288736A000AB6123 /* Debug */ = {
			isa = XCBuildConfiguration;
			buildSettings = {
				ALWAYS_SEARCH_USER_PATHS = NO;
				CLANG_ANALYZER_NONNULL = YES;
				CLANG_ANALYZER_NUMBER_OBJECT_CONVERSION = YES_AGGRESSIVE;
				CLANG_CXX_LANGUAGE_STANDARD = "gnu++17";
				CLANG_ENABLE_MODULES = YES;
				CLANG_ENABLE_OBJC_ARC = YES;
				CLANG_ENABLE_OBJC_WEAK = YES;
				CLANG_WARN_BLOCK_CAPTURE_AUTORELEASING = YES;
				CLANG_WARN_BOOL_CONVERSION = YES;
				CLANG_WARN_COMMA = YES;
				CLANG_WARN_CONSTANT_CONVERSION = YES;
				CLANG_WARN_DEPRECATED_OBJC_IMPLEMENTATIONS = YES;
				CLANG_WARN_DIRECT_OBJC_ISA_USAGE = YES_ERROR;
				CLANG_WARN_DOCUMENTATION_COMMENTS = YES;
				CLANG_WARN_EMPTY_BODY = YES;
				CLANG_WARN_ENUM_CONVERSION = YES;
				CLANG_WARN_INFINITE_RECURSION = YES;
				CLANG_WARN_INT_CONVERSION = YES;
				CLANG_WARN_NON_LITERAL_NULL_CONVERSION = YES;
				CLANG_WARN_OBJC_IMPLICIT_RETAIN_SELF = YES;
				CLANG_WARN_OBJC_LITERAL_CONVERSION = YES;
				CLANG_WARN_OBJC_ROOT_CLASS = YES_ERROR;
				CLANG_WARN_QUOTED_INCLUDE_IN_FRAMEWORK_HEADER = YES;
				CLANG_WARN_RANGE_LOOP_ANALYSIS = YES;
				CLANG_WARN_STRICT_PROTOTYPES = YES;
				CLANG_WARN_SUSPICIOUS_MOVE = YES;
				CLANG_WARN_UNGUARDED_AVAILABILITY = YES_AGGRESSIVE;
				CLANG_WARN_UNREACHABLE_CODE = YES;
				CLANG_WARN__DUPLICATE_METHOD_MATCH = YES;
				COPY_PHASE_STRIP = NO;
				DEBUG_INFORMATION_FORMAT = dwarf;
				ENABLE_STRICT_OBJC_MSGSEND = YES;
				ENABLE_TESTABILITY = YES;
				GCC_C_LANGUAGE_STANDARD = gnu11;
				GCC_DYNAMIC_NO_PIC = NO;
				GCC_NO_COMMON_BLOCKS = YES;
				GCC_OPTIMIZATION_LEVEL = 0;
				GCC_PREPROCESSOR_DEFINITIONS = (
					"DEBUG=1",
					"$(inherited)",
				);
				GCC_WARN_64_TO_32_BIT_CONVERSION = YES;
				GCC_WARN_ABOUT_RETURN_TYPE = YES_ERROR;
				GCC_WARN_UNDECLARED_SELECTOR = YES;
				GCC_WARN_UNINITIALIZED_AUTOS = YES_AGGRESSIVE;
				GCC_WARN_UNUSED_FUNCTION = YES;
				GCC_WARN_UNUSED_VARIABLE = YES;
				IPHONEOS_DEPLOYMENT_TARGET = 15.5;
				MTL_ENABLE_DEBUG_INFO = INCLUDE_SOURCE;
				MTL_FAST_MATH = YES;
				ONLY_ACTIVE_ARCH = YES;
				SDKROOT = iphoneos;
				SWIFT_ACTIVE_COMPILATION_CONDITIONS = DEBUG;
				SWIFT_OPTIMIZATION_LEVEL = "-Onone";
			};
			name = Debug;
		};
		9E2CCB1A288736A000AB6123 /* Release */ = {
			isa = XCBuildConfiguration;
			buildSettings = {
				ALWAYS_SEARCH_USER_PATHS = NO;
				CLANG_ANALYZER_NONNULL = YES;
				CLANG_ANALYZER_NUMBER_OBJECT_CONVERSION = YES_AGGRESSIVE;
				CLANG_CXX_LANGUAGE_STANDARD = "gnu++17";
				CLANG_ENABLE_MODULES = YES;
				CLANG_ENABLE_OBJC_ARC = YES;
				CLANG_ENABLE_OBJC_WEAK = YES;
				CLANG_WARN_BLOCK_CAPTURE_AUTORELEASING = YES;
				CLANG_WARN_BOOL_CONVERSION = YES;
				CLANG_WARN_COMMA = YES;
				CLANG_WARN_CONSTANT_CONVERSION = YES;
				CLANG_WARN_DEPRECATED_OBJC_IMPLEMENTATIONS = YES;
				CLANG_WARN_DIRECT_OBJC_ISA_USAGE = YES_ERROR;
				CLANG_WARN_DOCUMENTATION_COMMENTS = YES;
				CLANG_WARN_EMPTY_BODY = YES;
				CLANG_WARN_ENUM_CONVERSION = YES;
				CLANG_WARN_INFINITE_RECURSION = YES;
				CLANG_WARN_INT_CONVERSION = YES;
				CLANG_WARN_NON_LITERAL_NULL_CONVERSION = YES;
				CLANG_WARN_OBJC_IMPLICIT_RETAIN_SELF = YES;
				CLANG_WARN_OBJC_LITERAL_CONVERSION = YES;
				CLANG_WARN_OBJC_ROOT_CLASS = YES_ERROR;
				CLANG_WARN_QUOTED_INCLUDE_IN_FRAMEWORK_HEADER = YES;
				CLANG_WARN_RANGE_LOOP_ANALYSIS = YES;
				CLANG_WARN_STRICT_PROTOTYPES = YES;
				CLANG_WARN_SUSPICIOUS_MOVE = YES;
				CLANG_WARN_UNGUARDED_AVAILABILITY = YES_AGGRESSIVE;
				CLANG_WARN_UNREACHABLE_CODE = YES;
				CLANG_WARN__DUPLICATE_METHOD_MATCH = YES;
				COPY_PHASE_STRIP = NO;
				DEBUG_INFORMATION_FORMAT = "dwarf-with-dsym";
				ENABLE_NS_ASSERTIONS = NO;
				ENABLE_STRICT_OBJC_MSGSEND = YES;
				GCC_C_LANGUAGE_STANDARD = gnu11;
				GCC_NO_COMMON_BLOCKS = YES;
				GCC_WARN_64_TO_32_BIT_CONVERSION = YES;
				GCC_WARN_ABOUT_RETURN_TYPE = YES_ERROR;
				GCC_WARN_UNDECLARED_SELECTOR = YES;
				GCC_WARN_UNINITIALIZED_AUTOS = YES_AGGRESSIVE;
				GCC_WARN_UNUSED_FUNCTION = YES;
				GCC_WARN_UNUSED_VARIABLE = YES;
				IPHONEOS_DEPLOYMENT_TARGET = 15.5;
				MTL_ENABLE_DEBUG_INFO = NO;
				MTL_FAST_MATH = YES;
				SDKROOT = iphoneos;
				SWIFT_COMPILATION_MODE = wholemodule;
				SWIFT_OPTIMIZATION_LEVEL = "-O";
				VALIDATE_PRODUCT = YES;
			};
			name = Release;
		};
		9E2CCB1C288736A000AB6123 /* Debug */ = {
			isa = XCBuildConfiguration;
			baseConfigurationReference = E9F0C1D9FBF23FC2B3F65271 /* Pods-TwitterClone.debug.xcconfig */;
			buildSettings = {
				ASSETCATALOG_COMPILER_APPICON_NAME = AppIcon;
				ASSETCATALOG_COMPILER_GLOBAL_ACCENT_COLOR_NAME = AccentColor;
				CODE_SIGN_STYLE = Automatic;
				CURRENT_PROJECT_VERSION = 1;
				DEVELOPMENT_TEAM = BWQHN5SPRJ;
				GENERATE_INFOPLIST_FILE = YES;
				INFOPLIST_FILE = TwitterClone/Info.plist;
				INFOPLIST_KEY_UIApplicationSupportsIndirectInputEvents = YES;
				INFOPLIST_KEY_UILaunchStoryboardName = LaunchScreen;
				INFOPLIST_KEY_UIMainStoryboardFile = Main;
				INFOPLIST_KEY_UISupportedInterfaceOrientations_iPad = "UIInterfaceOrientationPortrait UIInterfaceOrientationPortraitUpsideDown UIInterfaceOrientationLandscapeLeft UIInterfaceOrientationLandscapeRight";
				INFOPLIST_KEY_UISupportedInterfaceOrientations_iPhone = "UIInterfaceOrientationPortrait UIInterfaceOrientationLandscapeLeft UIInterfaceOrientationLandscapeRight";
				LD_RUNPATH_SEARCH_PATHS = (
					"$(inherited)",
					"@executable_path/Frameworks",
				);
				MARKETING_VERSION = 1.0;
				PRODUCT_BUNDLE_IDENTIFIER = com.clonetwitter.TwitterClone;
				PRODUCT_NAME = "$(TARGET_NAME)";
				SWIFT_EMIT_LOC_STRINGS = YES;
				SWIFT_VERSION = 5.0;
				TARGETED_DEVICE_FAMILY = "1,2";
			};
			name = Debug;
		};
		9E2CCB1D288736A000AB6123 /* Release */ = {
			isa = XCBuildConfiguration;
			baseConfigurationReference = 7D1433B378D0324AF69AB8F8 /* Pods-TwitterClone.release.xcconfig */;
			buildSettings = {
				ASSETCATALOG_COMPILER_APPICON_NAME = AppIcon;
				ASSETCATALOG_COMPILER_GLOBAL_ACCENT_COLOR_NAME = AccentColor;
				CODE_SIGN_STYLE = Automatic;
				CURRENT_PROJECT_VERSION = 1;
				DEVELOPMENT_TEAM = BWQHN5SPRJ;
				GENERATE_INFOPLIST_FILE = YES;
				INFOPLIST_FILE = TwitterClone/Info.plist;
				INFOPLIST_KEY_UIApplicationSupportsIndirectInputEvents = YES;
				INFOPLIST_KEY_UILaunchStoryboardName = LaunchScreen;
				INFOPLIST_KEY_UIMainStoryboardFile = Main;
				INFOPLIST_KEY_UISupportedInterfaceOrientations_iPad = "UIInterfaceOrientationPortrait UIInterfaceOrientationPortraitUpsideDown UIInterfaceOrientationLandscapeLeft UIInterfaceOrientationLandscapeRight";
				INFOPLIST_KEY_UISupportedInterfaceOrientations_iPhone = "UIInterfaceOrientationPortrait UIInterfaceOrientationLandscapeLeft UIInterfaceOrientationLandscapeRight";
				LD_RUNPATH_SEARCH_PATHS = (
					"$(inherited)",
					"@executable_path/Frameworks",
				);
				MARKETING_VERSION = 1.0;
				PRODUCT_BUNDLE_IDENTIFIER = com.clonetwitter.TwitterClone;
				PRODUCT_NAME = "$(TARGET_NAME)";
				SWIFT_EMIT_LOC_STRINGS = YES;
				SWIFT_VERSION = 5.0;
				TARGETED_DEVICE_FAMILY = "1,2";
			};
			name = Release;
		};
		9E2CCB1F288736A000AB6123 /* Debug */ = {
			isa = XCBuildConfiguration;
			baseConfigurationReference = 29972BFBD00D22D8D81D17D5 /* Pods-TwitterCloneTests.debug.xcconfig */;
			buildSettings = {
				ALWAYS_EMBED_SWIFT_STANDARD_LIBRARIES = YES;
				BUNDLE_LOADER = "$(TEST_HOST)";
				CODE_SIGN_STYLE = Automatic;
				CURRENT_PROJECT_VERSION = 1;
				DEVELOPMENT_TEAM = BWQHN5SPRJ;
				GENERATE_INFOPLIST_FILE = YES;
				IPHONEOS_DEPLOYMENT_TARGET = 15.5;
				MARKETING_VERSION = 1.0;
				PRODUCT_BUNDLE_IDENTIFIER = com.clonetwitter.TwitterCloneTests;
				PRODUCT_NAME = "$(TARGET_NAME)";
				SWIFT_EMIT_LOC_STRINGS = NO;
				SWIFT_VERSION = 5.0;
				TARGETED_DEVICE_FAMILY = "1,2";
				TEST_HOST = "$(BUILT_PRODUCTS_DIR)/TwitterClone.app/TwitterClone";
			};
			name = Debug;
		};
		9E2CCB20288736A000AB6123 /* Release */ = {
			isa = XCBuildConfiguration;
			baseConfigurationReference = E5EE52E58938FB471844C2CC /* Pods-TwitterCloneTests.release.xcconfig */;
			buildSettings = {
				ALWAYS_EMBED_SWIFT_STANDARD_LIBRARIES = YES;
				BUNDLE_LOADER = "$(TEST_HOST)";
				CODE_SIGN_STYLE = Automatic;
				CURRENT_PROJECT_VERSION = 1;
				DEVELOPMENT_TEAM = BWQHN5SPRJ;
				GENERATE_INFOPLIST_FILE = YES;
				IPHONEOS_DEPLOYMENT_TARGET = 15.5;
				MARKETING_VERSION = 1.0;
				PRODUCT_BUNDLE_IDENTIFIER = com.clonetwitter.TwitterCloneTests;
				PRODUCT_NAME = "$(TARGET_NAME)";
				SWIFT_EMIT_LOC_STRINGS = NO;
				SWIFT_VERSION = 5.0;
				TARGETED_DEVICE_FAMILY = "1,2";
				TEST_HOST = "$(BUILT_PRODUCTS_DIR)/TwitterClone.app/TwitterClone";
			};
			name = Release;
		};
		9E2CCB22288736A000AB6123 /* Debug */ = {
			isa = XCBuildConfiguration;
			baseConfigurationReference = 8A0400036A0DD2CFFA5AADC4 /* Pods-TwitterClone-TwitterCloneUITests.debug.xcconfig */;
			buildSettings = {
				ALWAYS_EMBED_SWIFT_STANDARD_LIBRARIES = YES;
				CODE_SIGN_STYLE = Automatic;
				CURRENT_PROJECT_VERSION = 1;
				DEVELOPMENT_TEAM = BWQHN5SPRJ;
				GENERATE_INFOPLIST_FILE = YES;
				MARKETING_VERSION = 1.0;
				PRODUCT_BUNDLE_IDENTIFIER = com.clonetwitter.TwitterCloneUITests;
				PRODUCT_NAME = "$(TARGET_NAME)";
				SWIFT_EMIT_LOC_STRINGS = NO;
				SWIFT_VERSION = 5.0;
				TARGETED_DEVICE_FAMILY = "1,2";
				TEST_TARGET_NAME = TwitterClone;
			};
			name = Debug;
		};
		9E2CCB23288736A000AB6123 /* Release */ = {
			isa = XCBuildConfiguration;
			baseConfigurationReference = D112F644E1A7EA053F40E9BB /* Pods-TwitterClone-TwitterCloneUITests.release.xcconfig */;
			buildSettings = {
				ALWAYS_EMBED_SWIFT_STANDARD_LIBRARIES = YES;
				CODE_SIGN_STYLE = Automatic;
				CURRENT_PROJECT_VERSION = 1;
				DEVELOPMENT_TEAM = BWQHN5SPRJ;
				GENERATE_INFOPLIST_FILE = YES;
				MARKETING_VERSION = 1.0;
				PRODUCT_BUNDLE_IDENTIFIER = com.clonetwitter.TwitterCloneUITests;
				PRODUCT_NAME = "$(TARGET_NAME)";
				SWIFT_EMIT_LOC_STRINGS = NO;
				SWIFT_VERSION = 5.0;
				TARGETED_DEVICE_FAMILY = "1,2";
				TEST_TARGET_NAME = TwitterClone;
			};
			name = Release;
		};
/* End XCBuildConfiguration section */

/* Begin XCConfigurationList section */
		9E2CCAEC288736A000AB6123 /* Build configuration list for PBXProject "TwitterClone" */ = {
			isa = XCConfigurationList;
			buildConfigurations = (
				9E2CCB19288736A000AB6123 /* Debug */,
				9E2CCB1A288736A000AB6123 /* Release */,
			);
			defaultConfigurationIsVisible = 0;
			defaultConfigurationName = Release;
		};
		9E2CCB1B288736A000AB6123 /* Build configuration list for PBXNativeTarget "TwitterClone" */ = {
			isa = XCConfigurationList;
			buildConfigurations = (
				9E2CCB1C288736A000AB6123 /* Debug */,
				9E2CCB1D288736A000AB6123 /* Release */,
			);
			defaultConfigurationIsVisible = 0;
			defaultConfigurationName = Release;
		};
		9E2CCB1E288736A000AB6123 /* Build configuration list for PBXNativeTarget "TwitterCloneTests" */ = {
			isa = XCConfigurationList;
			buildConfigurations = (
				9E2CCB1F288736A000AB6123 /* Debug */,
				9E2CCB20288736A000AB6123 /* Release */,
			);
			defaultConfigurationIsVisible = 0;
			defaultConfigurationName = Release;
		};
		9E2CCB21288736A000AB6123 /* Build configuration list for PBXNativeTarget "TwitterCloneUITests" */ = {
			isa = XCConfigurationList;
			buildConfigurations = (
				9E2CCB22288736A000AB6123 /* Debug */,
				9E2CCB23288736A000AB6123 /* Release */,
			);
			defaultConfigurationIsVisible = 0;
			defaultConfigurationName = Release;
		};
/* End XCConfigurationList section */
	};
	rootObject = 9E2CCAE9288736A000AB6123 /* Project object */;
}
